
Microsoft Visual Studio Solution File, Format Version 12.00
# Visual Studio Version 17
VisualStudioVersion = 17.5.002.0
MinimumVisualStudioVersion = 10.0.40219.1
Project("{2150E333-8FDC-42A3-9474-1A3956D46DE8}") = "sandbox", "sandbox", "{68E05CD4-DEC1-4BA3-99BE-218834766FF1}"
EndProject
Project("{9A19103F-16F7-4668-BE54-9A1E7A4F7556}") = "sandbox_project", "sandbox\sandbox_project\sandbox_project.csproj", "{401CB7AC-6F6F-4AF4-BCA5-99BF1B90C287}"
EndProject
Project("{2150E333-8FDC-42A3-9474-1A3956D46DE8}") = "week01", "week01", "{77CE2A9F-A8B4-4E8F-85B4-E3141148E9DA}"
EndProject
Project("{9A19103F-16F7-4668-BE54-9A1E7A4F7556}") = "analyze", "week01\analyze\analyze.csproj", "{8C0C1902-0727-4219-9E09-C26498519C90}"
EndProject
Project("{9A19103F-16F7-4668-BE54-9A1E7A4F7556}") = "code", "week01\code\code.csproj", "{32737C3F-7EC0-4A79-8341-7EDB841BC4CA}"
EndProject
Project("{9A19103F-16F7-4668-BE54-9A1E7A4F7556}") = "teach", "week01\teach\teach.csproj", "{A0683D93-884F-496F-AB9E-0C79F9000F5C}"
EndProject
Project("{2150E333-8FDC-42A3-9474-1A3956D46DE8}") = "week02", "week02", "{0427CF7E-8A55-4F5F-9B6E-8EA9B9225213}"
EndProject
Project("{9A19103F-16F7-4668-BE54-9A1E7A4F7556}") = "analyze", "week02\analyze\analyze.csproj", "{8FADF08E-78A3-4F8D-BCC0-C36AC321E9BB}"
EndProject
Project("{9A19103F-16F7-4668-BE54-9A1E7A4F7556}") = "code", "week02\code\code.csproj", "{8D93C87C-979A-42C0-84E2-379C9EB21095}"
EndProject
Project("{9A19103F-16F7-4668-BE54-9A1E7A4F7556}") = "learn", "week02\learn\learn.csproj", "{7DE46E0D-72E5-4724-B2A4-943D5CD42945}"
EndProject
Project("{9A19103F-16F7-4668-BE54-9A1E7A4F7556}") = "teach", "week02\teach\teach.csproj", "{574CDC71-5E8F-438D-89AF-3B99DE4C3A9A}"
EndProject
Project("{2150E333-8FDC-42A3-9474-1A3956D46DE8}") = "week03", "week03", "{AEDC4FA8-E660-4E1A-AA16-048AA29ABE63}"
EndProject
Project("{9A19103F-16F7-4668-BE54-9A1E7A4F7556}") = "code", "week03\code\code.csproj", "{38702D1B-BE0B-4212-8AF9-7130C06948CD}"
EndProject
Project("{9A19103F-16F7-4668-BE54-9A1E7A4F7556}") = "learn", "week03\learn\learn.csproj", "{67184EC9-3DB6-45B1-AF4C-2E61732A4F16}"
EndProject
Project("{9A19103F-16F7-4668-BE54-9A1E7A4F7556}") = "teach", "week03\teach\teach.csproj", "{D6FF0117-3D7D-4DDB-8371-842E0C267CCF}"
EndProject
Project("{2150E333-8FDC-42A3-9474-1A3956D46DE8}") = "week04", "week04", "{5F71D380-4B7B-48F2-B50D-6C04399F1654}"
EndProject
Project("{9A19103F-16F7-4668-BE54-9A1E7A4F7556}") = "code", "week04\code\code.csproj", "{9133AB59-70E4-43CC-AFE4-C3F6D3E94B21}"
EndProject
Project("{2150E333-8FDC-42A3-9474-1A3956D46DE8}") = "week05", "week05", "{2E6E46F0-C01E-401B-B861-155A7ACE0981}"
EndProject
Project("{9A19103F-16F7-4668-BE54-9A1E7A4F7556}") = "code", "week05\code\code.csproj", "{3326FD96-1892-4B7E-BE9C-A555D5617D48}"
EndProject
Project("{2150E333-8FDC-42A3-9474-1A3956D46DE8}") = "week06", "week06", "{1055F8ED-6905-4444-89BD-8E8C6AC5F16B}"
EndProject
Project("{9A19103F-16F7-4668-BE54-9A1E7A4F7556}") = "code", "week06\code\code.csproj", "{F34512A9-6ED3-454C-8FB6-9A6061A00229}"
EndProject
Global
	GlobalSection(SolutionConfigurationPlatforms) = preSolution
		Debug|Any CPU = Debug|Any CPU
		Release|Any CPU = Release|Any CPU
	EndGlobalSection
	GlobalSection(ProjectConfigurationPlatforms) = postSolution
		{401CB7AC-6F6F-4AF4-BCA5-99BF1B90C287}.Debug|Any CPU.ActiveCfg = Debug|Any CPU
		{401CB7AC-6F6F-4AF4-BCA5-99BF1B90C287}.Debug|Any CPU.Build.0 = Debug|Any CPU
		{401CB7AC-6F6F-4AF4-BCA5-99BF1B90C287}.Release|Any CPU.ActiveCfg = Release|Any CPU
		{401CB7AC-6F6F-4AF4-BCA5-99BF1B90C287}.Release|Any CPU.Build.0 = Release|Any CPU
		{8C0C1902-0727-4219-9E09-C26498519C90}.Debug|Any CPU.ActiveCfg = Debug|Any CPU
		{8C0C1902-0727-4219-9E09-C26498519C90}.Debug|Any CPU.Build.0 = Debug|Any CPU
		{8C0C1902-0727-4219-9E09-C26498519C90}.Release|Any CPU.ActiveCfg = Release|Any CPU
		{8C0C1902-0727-4219-9E09-C26498519C90}.Release|Any CPU.Build.0 = Release|Any CPU
		{32737C3F-7EC0-4A79-8341-7EDB841BC4CA}.Debug|Any CPU.ActiveCfg = Debug|Any CPU
		{32737C3F-7EC0-4A79-8341-7EDB841BC4CA}.Debug|Any CPU.Build.0 = Debug|Any CPU
		{32737C3F-7EC0-4A79-8341-7EDB841BC4CA}.Release|Any CPU.ActiveCfg = Release|Any CPU
		{32737C3F-7EC0-4A79-8341-7EDB841BC4CA}.Release|Any CPU.Build.0 = Release|Any CPU
		{A0683D93-884F-496F-AB9E-0C79F9000F5C}.Debug|Any CPU.ActiveCfg = Debug|Any CPU
		{A0683D93-884F-496F-AB9E-0C79F9000F5C}.Debug|Any CPU.Build.0 = Debug|Any CPU
		{A0683D93-884F-496F-AB9E-0C79F9000F5C}.Release|Any CPU.ActiveCfg = Release|Any CPU
		{A0683D93-884F-496F-AB9E-0C79F9000F5C}.Release|Any CPU.Build.0 = Release|Any CPU
		{8FADF08E-78A3-4F8D-BCC0-C36AC321E9BB}.Debug|Any CPU.ActiveCfg = Debug|Any CPU
		{8FADF08E-78A3-4F8D-BCC0-C36AC321E9BB}.Debug|Any CPU.Build.0 = Debug|Any CPU
		{8FADF08E-78A3-4F8D-BCC0-C36AC321E9BB}.Release|Any CPU.ActiveCfg = Release|Any CPU
		{8FADF08E-78A3-4F8D-BCC0-C36AC321E9BB}.Release|Any CPU.Build.0 = Release|Any CPU
		{8D93C87C-979A-42C0-84E2-379C9EB21095}.Debug|Any CPU.ActiveCfg = Debug|Any CPU
		{8D93C87C-979A-42C0-84E2-379C9EB21095}.Debug|Any CPU.Build.0 = Debug|Any CPU
		{8D93C87C-979A-42C0-84E2-379C9EB21095}.Release|Any CPU.ActiveCfg = Release|Any CPU
		{8D93C87C-979A-42C0-84E2-379C9EB21095}.Release|Any CPU.Build.0 = Release|Any CPU
		{7DE46E0D-72E5-4724-B2A4-943D5CD42945}.Debug|Any CPU.ActiveCfg = Debug|Any CPU
		{7DE46E0D-72E5-4724-B2A4-943D5CD42945}.Debug|Any CPU.Build.0 = Debug|Any CPU
		{7DE46E0D-72E5-4724-B2A4-943D5CD42945}.Release|Any CPU.ActiveCfg = Release|Any CPU
		{7DE46E0D-72E5-4724-B2A4-943D5CD42945}.Release|Any CPU.Build.0 = Release|Any CPU
		{574CDC71-5E8F-438D-89AF-3B99DE4C3A9A}.Debug|Any CPU.ActiveCfg = Debug|Any CPU
		{574CDC71-5E8F-438D-89AF-3B99DE4C3A9A}.Debug|Any CPU.Build.0 = Debug|Any CPU
		{574CDC71-5E8F-438D-89AF-3B99DE4C3A9A}.Release|Any CPU.ActiveCfg = Release|Any CPU
		{574CDC71-5E8F-438D-89AF-3B99DE4C3A9A}.Release|Any CPU.Build.0 = Release|Any CPU
		{38702D1B-BE0B-4212-8AF9-7130C06948CD}.Debug|Any CPU.ActiveCfg = Debug|Any CPU
		{38702D1B-BE0B-4212-8AF9-7130C06948CD}.Debug|Any CPU.Build.0 = Debug|Any CPU
		{38702D1B-BE0B-4212-8AF9-7130C06948CD}.Release|Any CPU.ActiveCfg = Release|Any CPU
		{38702D1B-BE0B-4212-8AF9-7130C06948CD}.Release|Any CPU.Build.0 = Release|Any CPU
		{67184EC9-3DB6-45B1-AF4C-2E61732A4F16}.Debug|Any CPU.ActiveCfg = Debug|Any CPU
		{67184EC9-3DB6-45B1-AF4C-2E61732A4F16}.Debug|Any CPU.Build.0 = Debug|Any CPU
		{67184EC9-3DB6-45B1-AF4C-2E61732A4F16}.Release|Any CPU.ActiveCfg = Release|Any CPU
		{67184EC9-3DB6-45B1-AF4C-2E61732A4F16}.Release|Any CPU.Build.0 = Release|Any CPU
		{D6FF0117-3D7D-4DDB-8371-842E0C267CCF}.Debug|Any CPU.ActiveCfg = Debug|Any CPU
		{D6FF0117-3D7D-4DDB-8371-842E0C267CCF}.Debug|Any CPU.Build.0 = Debug|Any CPU
		{D6FF0117-3D7D-4DDB-8371-842E0C267CCF}.Release|Any CPU.ActiveCfg = Release|Any CPU
		{D6FF0117-3D7D-4DDB-8371-842E0C267CCF}.Release|Any CPU.Build.0 = Release|Any CPU
		{9133AB59-70E4-43CC-AFE4-C3F6D3E94B21}.Debug|Any CPU.ActiveCfg = Debug|Any CPU
		{9133AB59-70E4-43CC-AFE4-C3F6D3E94B21}.Debug|Any CPU.Build.0 = Debug|Any CPU
		{9133AB59-70E4-43CC-AFE4-C3F6D3E94B21}.Release|Any CPU.ActiveCfg = Release|Any CPU
		{9133AB59-70E4-43CC-AFE4-C3F6D3E94B21}.Release|Any CPU.Build.0 = Release|Any CPU
		{3326FD96-1892-4B7E-BE9C-A555D5617D48}.Debug|Any CPU.ActiveCfg = Debug|Any CPU
		{3326FD96-1892-4B7E-BE9C-A555D5617D48}.Debug|Any CPU.Build.0 = Debug|Any CPU
		{3326FD96-1892-4B7E-BE9C-A555D5617D48}.Release|Any CPU.ActiveCfg = Release|Any CPU
		{3326FD96-1892-4B7E-BE9C-A555D5617D48}.Release|Any CPU.Build.0 = Release|Any CPU
		{F34512A9-6ED3-454C-8FB6-9A6061A00229}.Debug|Any CPU.ActiveCfg = Debug|Any CPU
		{F34512A9-6ED3-454C-8FB6-9A6061A00229}.Debug|Any CPU.Build.0 = Debug|Any CPU
		{F34512A9-6ED3-454C-8FB6-9A6061A00229}.Release|Any CPU.ActiveCfg = Release|Any CPU
		{F34512A9-6ED3-454C-8FB6-9A6061A00229}.Release|Any CPU.Build.0 = Release|Any CPU
	EndGlobalSection
	GlobalSection(SolutionProperties) = preSolution
		HideSolutionNode = FALSE
	EndGlobalSection
	GlobalSection(NestedProjects) = preSolution
		{401CB7AC-6F6F-4AF4-BCA5-99BF1B90C287} = {68E05CD4-DEC1-4BA3-99BE-218834766FF1}
		{8C0C1902-0727-4219-9E09-C26498519C90} = {77CE2A9F-A8B4-4E8F-85B4-E3141148E9DA}
		{32737C3F-7EC0-4A79-8341-7EDB841BC4CA} = {77CE2A9F-A8B4-4E8F-85B4-E3141148E9DA}
		{A0683D93-884F-496F-AB9E-0C79F9000F5C} = {77CE2A9F-A8B4-4E8F-85B4-E3141148E9DA}
		{8FADF08E-78A3-4F8D-BCC0-C36AC321E9BB} = {0427CF7E-8A55-4F5F-9B6E-8EA9B9225213}
		{8D93C87C-979A-42C0-84E2-379C9EB21095} = {0427CF7E-8A55-4F5F-9B6E-8EA9B9225213}
		{7DE46E0D-72E5-4724-B2A4-943D5CD42945} = {0427CF7E-8A55-4F5F-9B6E-8EA9B9225213}
		{574CDC71-5E8F-438D-89AF-3B99DE4C3A9A} = {0427CF7E-8A55-4F5F-9B6E-8EA9B9225213}
		{38702D1B-BE0B-4212-8AF9-7130C06948CD} = {AEDC4FA8-E660-4E1A-AA16-048AA29ABE63}
		{67184EC9-3DB6-45B1-AF4C-2E61732A4F16} = {AEDC4FA8-E660-4E1A-AA16-048AA29ABE63}
		{D6FF0117-3D7D-4DDB-8371-842E0C267CCF} = {AEDC4FA8-E660-4E1A-AA16-048AA29ABE63}
		{9133AB59-70E4-43CC-AFE4-C3F6D3E94B21} = {5F71D380-4B7B-48F2-B50D-6C04399F1654}
		{3326FD96-1892-4B7E-BE9C-A555D5617D48} = {2E6E46F0-C01E-401B-B861-155A7ACE0981}
		{F34512A9-6ED3-454C-8FB6-9A6061A00229} = {1055F8ED-6905-4444-89BD-8E8C6AC5F16B}
	EndGlobalSection
	GlobalSection(ExtensibilityGlobals) = postSolution
		SolutionGuid = {0FDA7E3D-8914-4577-99D5-86DA53C2BE9B}
	EndGlobalSection
EndGlobal
