
Microsoft Visual Studio Solution File, Format Version 12.00
# Visual Studio Version 17
VisualStudioVersion = 17.5.002.0
MinimumVisualStudioVersion = 10.0.40219.1
Project("{9A19103F-16F7-4668-BE54-9A1E7A4F7556}") = "analyze", "analyze.csproj", "{61640A25-FC45-4D2E-9438-236381848A62}"
EndProject
Global
	GlobalSection(SolutionConfigurationPlatforms) = preSolution
		Debug|Any CPU = Debug|Any CPU
		Release|Any CPU = Release|Any CPU
	EndGlobalSection
	GlobalSection(ProjectConfigurationPlatforms) = postSolution
		{61640A25-FC45-4D2E-9438-236381848A62}.Debug|Any CPU.ActiveCfg = Debug|Any CPU
		{61640A25-FC45-4D2E-9438-236381848A62}.Debug|Any CPU.Build.0 = Debug|Any CPU
		{61640A25-FC45-4D2E-9438-236381848A62}.Release|Any CPU.ActiveCfg = Release|Any CPU
		{61640A25-FC45-4D2E-9438-236381848A62}.Release|Any CPU.Build.0 = Release|Any CPU
	EndGlobalSection
	GlobalSection(SolutionProperties) = preSolution
		HideSolutionNode = FALSE
	EndGlobalSection
	GlobalSection(ExtensibilityGlobals) = postSolution
		SolutionGuid = {67AFB615-A228-46AA-BEC0-4DE95DAB4C37}
	EndGlobalSection
EndGlobal
